
Microsoft Visual Studio Solution File, Format Version 12.00
# Visual Studio Version 16
VisualStudioVersion = 16.0.31229.75
MinimumVisualStudioVersion = 10.0.40219.1
Project("{FAE04EC0-301F-11D3-BF4B-00C04F79EFBC}") = "Community Bug Fixes", "Community Bug Fixes\Community Bug Fixes.csproj", "{F85FE4A4-9912-4F41-87FA-B3EA788747AA}"
EndProject
Global
	GlobalSection(SolutionConfigurationPlatforms) = preSolution
		Debug|Any CPU = Debug|Any CPU
		Release|Any CPU = Release|Any CPU
	EndGlobalSection
	GlobalSection(ProjectConfigurationPlatforms) = postSolution
		{F85FE4A4-9912-4F41-87FA-B3EA788747AA}.Debug|Any CPU.ActiveCfg = Debug|Any CPU
		{F85FE4A4-9912-4F41-87FA-B3EA788747AA}.Debug|Any CPU.Build.0 = Debug|Any CPU
		{F85FE4A4-9912-4F41-87FA-B3EA788747AA}.Release|Any CPU.ActiveCfg = Release|Any CPU
		{F85FE4A4-9912-4F41-87FA-B3EA788747AA}.Release|Any CPU.Build.0 = Release|Any CPU
	EndGlobalSection
	GlobalSection(SolutionProperties) = preSolution
		HideSolutionNode = FALSE
	EndGlobalSection
	GlobalSection(ExtensibilityGlobals) = postSolution
		SolutionGuid = {410FBD13-01A8-4383-B328-E5F42C0ACE6C}
	EndGlobalSection
EndGlobal
